
Microsoft Visual Studio Solution File, Format Version 12.00
# Visual Studio Version 17
VisualStudioVersion = 17.5.002.0
MinimumVisualStudioVersion = 10.0.40219.1
Project("{9A19103F-16F7-4668-BE54-9A1E7A4F7556}") = "restapi", "restapi\restapi.csproj", "{EAC241D3-18B7-4760-8DF0-114F711BE8CC}"
EndProject
Global
	GlobalSection(SolutionConfigurationPlatforms) = preSolution
		Debug|Any CPU = Debug|Any CPU
		Release|Any CPU = Release|Any CPU
	EndGlobalSection
	GlobalSection(ProjectConfigurationPlatforms) = postSolution
		{EAC241D3-18B7-4760-8DF0-114F711BE8CC}.Debug|Any CPU.ActiveCfg = Debug|Any CPU
		{EAC241D3-18B7-4760-8DF0-114F711BE8CC}.Debug|Any CPU.Build.0 = Debug|Any CPU
		{EAC241D3-18B7-4760-8DF0-114F711BE8CC}.Release|Any CPU.ActiveCfg = Release|Any CPU
		{EAC241D3-18B7-4760-8DF0-114F711BE8CC}.Release|Any CPU.Build.0 = Release|Any CPU
	EndGlobalSection
	GlobalSection(SolutionProperties) = preSolution
		HideSolutionNode = FALSE
	EndGlobalSection
	GlobalSection(ExtensibilityGlobals) = postSolution
		SolutionGuid = {54C23A11-8FA1-4C87-9852-E35C00373253}
	EndGlobalSection
EndGlobal
